
Microsoft Visual Studio Solution File, Format Version 12.00
# Visual Studio Version 17
VisualStudioVersion = 17.9.34723.18
MinimumVisualStudioVersion = 10.0.40219.1
Project("{FAE04EC0-301F-11D3-BF4B-00C04F79EFBC}") = "MachineLearningApplication_Build_2", "MachineLearningApplication_Build_2.csproj", "{CC5AAD47-33FF-4228-AB61-845B59DA7B88}"
EndProject
Global
	GlobalSection(SolutionConfigurationPlatforms) = preSolution
		Debug|Any CPU = Debug|Any CPU
		Release|Any CPU = Release|Any CPU
	EndGlobalSection
	GlobalSection(ProjectConfigurationPlatforms) = postSolution
		{CC5AAD47-33FF-4228-AB61-845B59DA7B88}.Debug|Any CPU.ActiveCfg = Debug|Any CPU
		{CC5AAD47-33FF-4228-AB61-845B59DA7B88}.Debug|Any CPU.Build.0 = Debug|Any CPU
		{CC5AAD47-33FF-4228-AB61-845B59DA7B88}.Release|Any CPU.ActiveCfg = Release|Any CPU
		{CC5AAD47-33FF-4228-AB61-845B59DA7B88}.Release|Any CPU.Build.0 = Release|Any CPU
	EndGlobalSection
	GlobalSection(SolutionProperties) = preSolution
		HideSolutionNode = FALSE
	EndGlobalSection
	GlobalSection(ExtensibilityGlobals) = postSolution
		SolutionGuid = {4E4D8024-16CD-4D47-ABD8-E54880530E56}
	EndGlobalSection
EndGlobal
